// !$*UTF8*$!
{
	archiveVersion = 1;
	classes = {
	};
	objectVersion = 48;
	objects = {

/* Begin PBXBuildFile section */
		519D51E01FDE70B500D30D9A /* AppDelegate.swift in Sources */ = {isa = PBXBuildFile; fileRef = 519D51DF1FDE70B500D30D9A /* AppDelegate.swift */; };
		519D51E21FDE70B500D30D9A /* ViewController.swift in Sources */ = {isa = PBXBuildFile; fileRef = 519D51E11FDE70B500D30D9A /* ViewController.swift */; };
		519D51E51FDE70B500D30D9A /* Main.storyboard in Resources */ = {isa = PBXBuildFile; fileRef = 519D51E31FDE70B500D30D9A /* Main.storyboard */; };
		519D51E71FDE70B500D30D9A /* Assets.xcassets in Resources */ = {isa = PBXBuildFile; fileRef = 519D51E61FDE70B500D30D9A /* Assets.xcassets */; };
		519D51EA1FDE70B500D30D9A /* LaunchScreen.storyboard in Resources */ = {isa = PBXBuildFile; fileRef = 519D51E81FDE70B500D30D9A /* LaunchScreen.storyboard */; };
		519D51F51FDE70B500D30D9A /* FoodTests.swift in Sources */ = {isa = PBXBuildFile; fileRef = 519D51F41FDE70B500D30D9A /* FoodTests.swift */; };
/* End PBXBuildFile section */

/* Begin PBXContainerItemProxy section */
		519D51F11FDE70B500D30D9A /* PBXContainerItemProxy */ = {
			isa = PBXContainerItemProxy;
			containerPortal = 519D51D41FDE70B500D30D9A /* Project object */;
			proxyType = 1;
			remoteGlobalIDString = 519D51DB1FDE70B500D30D9A;
			remoteInfo = Food;
		};
/* End PBXContainerItemProxy section */

/* Begin PBXFileReference section */
		519D51DC1FDE70B500D30D9A /* Food.app */ = {isa = PBXFileReference; explicitFileType = wrapper.application; includeInIndex = 0; path = Food.app; sourceTree = BUILT_PRODUCTS_DIR; };
		519D51DF1FDE70B500D30D9A /* AppDelegate.swift */ = {isa = PBXFileReference; lastKnownFileType = sourcecode.swift; path = AppDelegate.swift; sourceTree = "<group>"; };
		519D51E11FDE70B500D30D9A /* ViewController.swift */ = {isa = PBXFileReference; lastKnownFileType = sourcecode.swift; path = ViewController.swift; sourceTree = "<group>"; };
		519D51E41FDE70B500D30D9A /* Base */ = {isa = PBXFileReference; lastKnownFileType = file.storyboard; name = Base; path = Base.lproj/Main.storyboard; sourceTree = "<group>"; };
		519D51E61FDE70B500D30D9A /* Assets.xcassets */ = {isa = PBXFileReference; lastKnownFileType = folder.assetcatalog; path = Assets.xcassets; sourceTree = "<group>"; };
		519D51E91FDE70B500D30D9A /* Base */ = {isa = PBXFileReference; lastKnownFileType = file.storyboard; name = Base; path = Base.lproj/LaunchScreen.storyboard; sourceTree = "<group>"; };
		519D51EB1FDE70B500D30D9A /* Info.plist */ = {isa = PBXFileReference; lastKnownFileType = text.plist.xml; path = Info.plist; sourceTree = "<group>"; };
		519D51F01FDE70B500D30D9A /* FoodTests.xctest */ = {isa = PBXFileReference; explicitFileType = wrapper.cfbundle; includeInIndex = 0; path = FoodTests.xctest; sourceTree = BUILT_PRODUCTS_DIR; };
		519D51F41FDE70B500D30D9A /* FoodTests.swift */ = {isa = PBXFileReference; lastKnownFileType = sourcecode.swift; path = FoodTests.swift; sourceTree = "<group>"; };
		519D51F61FDE70B500D30D9A /* Info.plist */ = {isa = PBXFileReference; lastKnownFileType = text.plist.xml; path = Info.plist; sourceTree = "<group>"; };
/* End PBXFileReference section */

/* Begin PBXFrameworksBuildPhase section */
		519D51D91FDE70B500D30D9A /* Frameworks */ = {
			isa = PBXFrameworksBuildPhase;
			buildActionMask = 2147483647;
			files = (
			);
			runOnlyForDeploymentPostprocessing = 0;
		};
		519D51ED1FDE70B500D30D9A /* Frameworks */ = {
			isa = PBXFrameworksBuildPhase;
			buildActionMask = 2147483647;
			files = (
			);
			runOnlyForDeploymentPostprocessing = 0;
		};
/* End PBXFrameworksBuildPhase section */

/* Begin PBXGroup section */
		519D51D31FDE70B500D30D9A = {
			isa = PBXGroup;
			children = (
				519D51DE1FDE70B500D30D9A /* Food */,
				519D51F31FDE70B500D30D9A /* FoodTests */,
				519D51DD1FDE70B500D30D9A /* Products */,
			);
			sourceTree = "<group>";
		};
		519D51DD1FDE70B500D30D9A /* Products */ = {
			isa = PBXGroup;
			children = (
				519D51DC1FDE70B500D30D9A /* Food.app */,
				519D51F01FDE70B500D30D9A /* FoodTests.xctest */,
			);
			name = Products;
			sourceTree = "<group>";
		};
		519D51DE1FDE70B500D30D9A /* Food */ = {
			isa = PBXGroup;
			children = (
				519D51DF1FDE70B500D30D9A /* AppDelegate.swift */,
				519D51E11FDE70B500D30D9A /* ViewController.swift */,
				519D51E31FDE70B500D30D9A /* Main.storyboard */,
				519D51E61FDE70B500D30D9A /* Assets.xcassets */,
				519D51E81FDE70B500D30D9A /* LaunchScreen.storyboard */,
				519D51EB1FDE70B500D30D9A /* Info.plist */,
			);
			path = Food;
			sourceTree = "<group>";
		};
		519D51F31FDE70B500D30D9A /* FoodTests */ = {
			isa = PBXGroup;
			children = (
				519D51F41FDE70B500D30D9A /* FoodTests.swift */,
				519D51F61FDE70B500D30D9A /* Info.plist */,
			);
			path = FoodTests;
			sourceTree = "<group>";
		};
/* End PBXGroup section */

/* Begin PBXNativeTarget section */
		519D51DB1FDE70B500D30D9A /* Food */ = {
			isa = PBXNativeTarget;
			buildConfigurationList = 519D51F91FDE70B500D30D9A /* Build configuration list for PBXNativeTarget "Food" */;
			buildPhases = (
				519D51D81FDE70B500D30D9A /* Sources */,
				519D51D91FDE70B500D30D9A /* Frameworks */,
				519D51DA1FDE70B500D30D9A /* Resources */,
			);
			buildRules = (
			);
			dependencies = (
			);
			name = Food;
			productName = Food;
			productReference = 519D51DC1FDE70B500D30D9A /* Food.app */;
			productType = "com.apple.product-type.application";
		};
		519D51EF1FDE70B500D30D9A /* FoodTests */ = {
			isa = PBXNativeTarget;
			buildConfigurationList = 519D51FC1FDE70B500D30D9A /* Build configuration list for PBXNativeTarget "FoodTests" */;
			buildPhases = (
				519D51EC1FDE70B500D30D9A /* Sources */,
				519D51ED1FDE70B500D30D9A /* Frameworks */,
				519D51EE1FDE70B500D30D9A /* Resources */,
			);
			buildRules = (
			);
			dependencies = (
				519D51F21FDE70B500D30D9A /* PBXTargetDependency */,
			);
			name = FoodTests;
			productName = FoodTests;
			productReference = 519D51F01FDE70B500D30D9A /* FoodTests.xctest */;
			productType = "com.apple.product-type.bundle.unit-test";
		};
/* End PBXNativeTarget section */

/* Begin PBXProject section */
		519D51D41FDE70B500D30D9A /* Project object */ = {
			isa = PBXProject;
			attributes = {
				LastSwiftUpdateCheck = 0910;
				LastUpgradeCheck = 0910;
				ORGANIZATIONNAME = "Rohit Ramaswamy";
				TargetAttributes = {
					519D51DB1FDE70B500D30D9A = {
						CreatedOnToolsVersion = 9.1;
						ProvisioningStyle = Automatic;
					};
					519D51EF1FDE70B500D30D9A = {
						CreatedOnToolsVersion = 9.1;
						ProvisioningStyle = Automatic;
						TestTargetID = 519D51DB1FDE70B500D30D9A;
					};
				};
			};
			buildConfigurationList = 519D51D71FDE70B500D30D9A /* Build configuration list for PBXProject "Food" */;
			compatibilityVersion = "Xcode 8.0";
			developmentRegion = en;
			hasScannedForEncodings = 0;
			knownRegions = (
				en,
				Base,
			);
			mainGroup = 519D51D31FDE70B500D30D9A;
			productRefGroup = 519D51DD1FDE70B500D30D9A /* Products */;
			projectDirPath = "";
			projectRoot = "";
			targets = (
				519D51DB1FDE70B500D30D9A /* Food */,
				519D51EF1FDE70B500D30D9A /* FoodTests */,
			);
		};
/* End PBXProject section */

/* Begin PBXResourcesBuildPhase section */
		519D51DA1FDE70B500D30D9A /* Resources */ = {
			isa = PBXResourcesBuildPhase;
			buildActionMask = 2147483647;
			files = (
				519D51EA1FDE70B500D30D9A /* LaunchScreen.storyboard in Resources */,
				519D51E71FDE70B500D30D9A /* Assets.xcassets in Resources */,
				519D51E51FDE70B500D30D9A /* Main.storyboard in Resources */,
			);
			runOnlyForDeploymentPostprocessing = 0;
		};
		519D51EE1FDE70B500D30D9A /* Resources */ = {
			isa = PBXResourcesBuildPhase;
			buildActionMask = 2147483647;
			files = (
			);
			runOnlyForDeploymentPostprocessing = 0;
		};
/* End PBXResourcesBuildPhase section */

/* Begin PBXSourcesBuildPhase section */
		519D51D81FDE70B500D30D9A /* Sources */ = {
			isa = PBXSourcesBuildPhase;
			buildActionMask = 2147483647;
			files = (
				519D51E21FDE70B500D30D9A /* ViewController.swift in Sources */,
				519D51E01FDE70B500D30D9A /* AppDelegate.swift in Sources */,
			);
			runOnlyForDeploymentPostprocessing = 0;
		};
		519D51EC1FDE70B500D30D9A /* Sources */ = {
			isa = PBXSourcesBuildPhase;
			buildActionMask = 2147483647;
			files = (
				519D51F51FDE70B500D30D9A /* FoodTests.swift in Sources */,
			);
			runOnlyForDeploymentPostprocessing = 0;
		};
/* End PBXSourcesBuildPhase section */

/* Begin PBXTargetDependency section */
		519D51F21FDE70B500D30D9A /* PBXTargetDependency */ = {
			isa = PBXTargetDependency;
			target = 519D51DB1FDE70B500D30D9A /* Food */;
			targetProxy = 519D51F11FDE70B500D30D9A /* PBXContainerItemProxy */;
		};
/* End PBXTargetDependency section */

/* Begin PBXVariantGroup section */
		519D51E31FDE70B500D30D9A /* Main.storyboard */ = {
			isa = PBXVariantGroup;
			children = (
				519D51E41FDE70B500D30D9A /* Base */,
			);
			name = Main.storyboard;
			sourceTree = "<group>";
		};
		519D51E81FDE70B500D30D9A /* LaunchScreen.storyboard */ = {
			isa = PBXVariantGroup;
			children = (
				519D51E91FDE70B500D30D9A /* Base */,
			);
			name = LaunchScreen.storyboard;
			sourceTree = "<group>";
		};
/* End PBXVariantGroup section */

/* Begin XCBuildConfiguration section */
		519D51F71FDE70B500D30D9A /* Debug */ = {
			isa = XCBuildConfiguration;
			buildSettings = {
				ALWAYS_SEARCH_USER_PATHS = NO;
				CLANG_ANALYZER_NONNULL = YES;
				CLANG_ANALYZER_NUMBER_OBJECT_CONVERSION = YES_AGGRESSIVE;
				CLANG_CXX_LANGUAGE_STANDARD = "gnu++14";
				CLANG_CXX_LIBRARY = "libc++";
				CLANG_ENABLE_MODULES = YES;
				CLANG_ENABLE_OBJC_ARC = YES;
				CLANG_WARN_BLOCK_CAPTURE_AUTORELEASING = YES;
				CLANG_WARN_BOOL_CONVERSION = YES;
				CLANG_WARN_COMMA = YES;
				CLANG_WARN_CONSTANT_CONVERSION = YES;
				CLANG_WARN_DIRECT_OBJC_ISA_USAGE = YES_ERROR;
				CLANG_WARN_DOCUMENTATION_COMMENTS = YES;
				CLANG_WARN_EMPTY_BODY = YES;
				CLANG_WARN_ENUM_CONVERSION = YES;
				CLANG_WARN_INFINITE_RECURSION = YES;
				CLANG_WARN_INT_CONVERSION = YES;
				CLANG_WARN_NON_LITERAL_NULL_CONVERSION = YES;
				CLANG_WARN_OBJC_LITERAL_CONVERSION = YES;
				CLANG_WARN_OBJC_ROOT_CLASS = YES_ERROR;
				CLANG_WARN_RANGE_LOOP_ANALYSIS = YES;
				CLANG_WARN_STRICT_PROTOTYPES = YES;
				CLANG_WARN_SUSPICIOUS_MOVE = YES;
				CLANG_WARN_UNGUARDED_AVAILABILITY = YES_AGGRESSIVE;
				CLANG_WARN_UNREACHABLE_CODE = YES;
				CLANG_WARN__DUPLICATE_METHOD_MATCH = YES;
				CODE_SIGN_IDENTITY = "iPhone Developer";
				COPY_PHASE_STRIP = NO;
				DEBUG_INFORMATION_FORMAT = dwarf;
				ENABLE_STRICT_OBJC_MSGSEND = YES;
				ENABLE_TESTABILITY = YES;
				GCC_C_LANGUAGE_STANDARD = gnu11;
				GCC_DYNAMIC_NO_PIC = NO;
				GCC_NO_COMMON_BLOCKS = YES;
				GCC_OPTIMIZATION_LEVEL = 0;
				GCC_PREPROCESSOR_DEFINITIONS = (
					"DEBUG=1",
					"$(inherited)",
				);
				GCC_WARN_64_TO_32_BIT_CONVERSION = YES;
				GCC_WARN_ABOUT_RETURN_TYPE = YES_ERROR;
				GCC_WARN_UNDECLARED_SELECTOR = YES;
				GCC_WARN_UNINITIALIZED_AUTOS = YES_AGGRESSIVE;
				GCC_WARN_UNUSED_FUNCTION = YES;
				GCC_WARN_UNUSED_VARIABLE = YES;
				IPHONEOS_DEPLOYMENT_TARGET = 11.1;
				MTL_ENABLE_DEBUG_INFO = YES;
				ONLY_ACTIVE_ARCH = YES;
				SDKROOT = iphoneos;
				SWIFT_ACTIVE_COMPILATION_CONDITIONS = DEBUG;
				SWIFT_OPTIMIZATION_LEVEL = "-Onone";
			};
			name = Debug;
		};
		519D51F81FDE70B500D30D9A /* Release */ = {
			isa = XCBuildConfiguration;
			buildSettings = {
				ALWAYS_SEARCH_USER_PATHS = NO;
				CLANG_ANALYZER_NONNULL = YES;
				CLANG_ANALYZER_NUMBER_OBJECT_CONVERSION = YES_AGGRESSIVE;
				CLANG_CXX_LANGUAGE_STANDARD = "gnu++14";
				CLANG_CXX_LIBRARY = "libc++";
				CLANG_ENABLE_MODULES = YES;
				CLANG_ENABLE_OBJC_ARC = YES;
				CLANG_WARN_BLOCK_CAPTURE_AUTORELEASING = YES;
				CLANG_WARN_BOOL_CONVERSION = YES;
				CLANG_WARN_COMMA = YES;
				CLANG_WARN_CONSTANT_CONVERSION = YES;
				CLANG_WARN_DIRECT_OBJC_ISA_USAGE = YES_ERROR;
				CLANG_WARN_DOCUMENTATION_COMMENTS = YES;
				CLANG_WARN_EMPTY_BODY = YES;
				CLANG_WARN_ENUM_CONVERSION = YES;
				CLANG_WARN_INFINITE_RECURSION = YES;
				CLANG_WARN_INT_CONVERSION = YES;
				CLANG_WARN_NON_LITERAL_NULL_CONVERSION = YES;
				CLANG_WARN_OBJC_LITERAL_CONVERSION = YES;
				CLANG_WARN_OBJC_ROOT_CLASS = YES_ERROR;
				CLANG_WARN_RANGE_LOOP_ANALYSIS = YES;
				CLANG_WARN_STRICT_PROTOTYPES = YES;
				CLANG_WARN_SUSPICIOUS_MOVE = YES;
				CLANG_WARN_UNGUARDED_AVAILABILITY = YES_AGGRESSIVE;
				CLANG_WARN_UNREACHABLE_CODE = YES;
				CLANG_WARN__DUPLICATE_METHOD_MATCH = YES;
				CODE_SIGN_IDENTITY = "iPhone Developer";
				COPY_PHASE_STRIP = NO;
				DEBUG_INFORMATION_FORMAT = "dwarf-with-dsym";
				ENABLE_NS_ASSERTIONS = NO;
				ENABLE_STRICT_OBJC_MSGSEND = YES;
				GCC_C_LANGUAGE_STANDARD = gnu11;
				GCC_NO_COMMON_BLOCKS = YES;
				GCC_WARN_64_TO_32_BIT_CONVERSION = YES;
				GCC_WARN_ABOUT_RETURN_TYPE = YES_ERROR;
				GCC_WARN_UNDECLARED_SELECTOR = YES;
				GCC_WARN_UNINITIALIZED_AUTOS = YES_AGGRESSIVE;
				GCC_WARN_UNUSED_FUNCTION = YES;
				GCC_WARN_UNUSED_VARIABLE = YES;
				IPHONEOS_DEPLOYMENT_TARGET = 11.1;
				MTL_ENABLE_DEBUG_INFO = NO;
				SDKROOT = iphoneos;
				SWIFT_OPTIMIZATION_LEVEL = "-Owholemodule";
				VALIDATE_PRODUCT = YES;
			};
			name = Release;
		};
		519D51FA1FDE70B500D30D9A /* Debug */ = {
			isa = XCBuildConfiguration;
			buildSettings = {
				ASSETCATALOG_COMPILER_APPICON_NAME = AppIcon;
				CODE_SIGN_STYLE = Automatic;
				DEVELOPMENT_TEAM = UBTLYEF3ZW;
				INFOPLIST_FILE = Food/Info.plist;
				LD_RUNPATH_SEARCH_PATHS = "$(inherited) @executable_path/Frameworks";
				PRODUCT_BUNDLE_IDENTIFIER = com.example.Fodo.Food;
				PRODUCT_NAME = "$(TARGET_NAME)";
				SWIFT_VERSION = 4.0;
				TARGETED_DEVICE_FAMILY = "1,2";
			};
			name = Debug;
		};
		519D51FB1FDE70B500D30D9A /* Release */ = {
			isa = XCBuildConfiguration;
			buildSettings = {
				ASSETCATALOG_COMPILER_APPICON_NAME = AppIcon;
				CODE_SIGN_STYLE = Automatic;
				DEVELOPMENT_TEAM = UBTLYEF3ZW;
				INFOPLIST_FILE = Food/Info.plist;
				LD_RUNPATH_SEARCH_PATHS = "$(inherited) @executable_path/Frameworks";
				PRODUCT_BUNDLE_IDENTIFIER = com.example.Fodo.Food;
				PRODUCT_NAME = "$(TARGET_NAME)";
				SWIFT_VERSION = 4.0;
				TARGETED_DEVICE_FAMILY = "1,2";
			};
			name = Release;
		};
		519D51FD1FDE70B500D30D9A /* Debug */ = {
			isa = XCBuildConfiguration;
			buildSettings = {
				ALWAYS_EMBED_SWIFT_STANDARD_LIBRARIES = YES;
				BUNDLE_LOADER = "$(TEST_HOST)";
				CODE_SIGN_STYLE = Automatic;
				DEVELOPMENT_TEAM = UBTLYEF3ZW;
				INFOPLIST_FILE = FoodTests/Info.plist;
				LD_RUNPATH_SEARCH_PATHS = "$(inherited) @executable_path/Frameworks @loader_path/Frameworks";
				PRODUCT_BUNDLE_IDENTIFIER = com.example.Fodo.FoodTests;
				PRODUCT_NAME = "$(TARGET_NAME)";
				SWIFT_VERSION = 4.0;
				TARGETED_DEVICE_FAMILY = "1,2";
				TEST_HOST = "$(BUILT_PRODUCTS_DIR)/Food.app/Food";
			};
			name = Debug;
		};
		519D51FE1FDE70B500D30D9A /* Release */ = {
			isa = XCBuildConfiguration;
			buildSettings = {
				ALWAYS_EMBED_SWIFT_STANDARD_LIBRARIES = YES;
				BUNDLE_LOADER = "$(TEST_HOST)";
				CODE_SIGN_STYLE = Automatic;
				DEVELOPMENT_TEAM = UBTLYEF3ZW;
				INFOPLIST_FILE = FoodTests/Info.plist;
				LD_RUNPATH_SEARCH_PATHS = "$(inherited) @executable_path/Frameworks @loader_path/Frameworks";
				PRODUCT_BUNDLE_IDENTIFIER = com.example.Fodo.FoodTests;
				PRODUCT_NAME = "$(TARGET_NAME)";
				SWIFT_VERSION = 4.0;
				TARGETED_DEVICE_FAMILY = "1,2";
				TEST_HOST = "$(BUILT_PRODUCTS_DIR)/Food.app/Food";
			};
			name = Release;
		};
/* End XCBuildConfiguration section */

/* Begin XCConfigurationList section */
		519D51D71FDE70B500D30D9A /* Build configuration list for PBXProject "Food" */ = {
			isa = XCConfigurationList;
			buildConfigurations = (
				519D51F71FDE70B500D30D9A /* Debug */,
				519D51F81FDE70B500D30D9A /* Release */,
			);
			defaultConfigurationIsVisible = 0;
			defaultConfigurationName = Release;
		};
		519D51F91FDE70B500D30D9A /* Build configuration list for PBXNativeTarget "Food" */ = {
			isa = XCConfigurationList;
			buildConfigurations = (
				519D51FA1FDE70B500D30D9A /* Debug */,
				519D51FB1FDE70B500D30D9A /* Release */,
			);
			defaultConfigurationIsVisible = 0;
			defaultConfigurationName = Release;
		};
		519D51FC1FDE70B500D30D9A /* Build configuration list for PBXNativeTarget "FoodTests" */ = {
			isa = XCConfigurationList;
			buildConfigurations = (
				519D51FD1FDE70B500D30D9A /* Debug */,
				519D51FE1FDE70B500D30D9A /* Release */,
			);
			defaultConfigurationIsVisible = 0;
			defaultConfigurationName = Release;
		};
/* End XCConfigurationList section */
	};
	rootObject = 519D51D41FDE70B500D30D9A /* Project object */;
}
